// !$*UTF8*$!
{
	archiveVersion = 1;
	classes = {
	};
	objectVersion = 46;
	objects = {

/* Begin PBXBuildFile section */
		18A47B7C1AC3E1BB004E1F73 /* main.m in Sources */ = {isa = PBXBuildFile; fileRef = 18A47B7B1AC3E1BB004E1F73 /* main.m */; };
		18A47B7F1AC3E1BC004E1F73 /* AppDelegate.m in Sources */ = {isa = PBXBuildFile; fileRef = 18A47B7E1AC3E1BC004E1F73 /* AppDelegate.m */; };
		18A47B821AC3E1BC004E1F73 /* iPort.xcdatamodeld in Sources */ = {isa = PBXBuildFile; fileRef = 18A47B801AC3E1BC004E1F73 /* iPort.xcdatamodeld */; };
		18A47B881AC3E1BC004E1F73 /* Main.storyboard in Resources */ = {isa = PBXBuildFile; fileRef = 18A47B861AC3E1BC004E1F73 /* Main.storyboard */; };
		18A47B8A1AC3E1BC004E1F73 /* Images.xcassets in Resources */ = {isa = PBXBuildFile; fileRef = 18A47B891AC3E1BC004E1F73 /* Images.xcassets */; };
		18A47B8D1AC3E1BC004E1F73 /* LaunchScreen.xib in Resources */ = {isa = PBXBuildFile; fileRef = 18A47B8B1AC3E1BC004E1F73 /* LaunchScreen.xib */; };
		B328B3011ACB93FD00554FAC /* LoginViewController.m in Sources */ = {isa = PBXBuildFile; fileRef = B328B3001ACB93FD00554FAC /* LoginViewController.m */; settings = {COMPILER_FLAGS = "-fno-objc-arc"; }; };
		B328B3071ACB948200554FAC /* KeychainItemWrapper.m in Sources */ = {isa = PBXBuildFile; fileRef = B328B3051ACB948200554FAC /* KeychainItemWrapper.m */; settings = {COMPILER_FLAGS = "-fno-objc-arc"; }; };
		B328B3081ACB948200554FAC /* 用法.rtf in Resources */ = {isa = PBXBuildFile; fileRef = B328B3061ACB948200554FAC /* 用法.rtf */; };
		B328B3131ACB963C00554FAC /* DeviceSender.m in Sources */ = {isa = PBXBuildFile; fileRef = B328B3121ACB963C00554FAC /* DeviceSender.m */; settings = {COMPILER_FLAGS = "-fno-objc-arc"; }; };
		B32ABB641AF9ACA30030DD3C /* UIImageButton.m in Sources */ = {isa = PBXBuildFile; fileRef = B32ABB611AF9ACA30030DD3C /* UIImageButton.m */; };
		B32ABB651AF9ACA30030DD3C /* UITableGridViewCell.m in Sources */ = {isa = PBXBuildFile; fileRef = B32ABB631AF9ACA30030DD3C /* UITableGridViewCell.m */; };
		B34612EA1BC5FE160068D1A1 /* Leo.framework in Frameworks */ = {isa = PBXBuildFile; fileRef = B34612E91BC5FE160068D1A1 /* Leo.framework */; };
		B34612EB1BC5FE160068D1A1 /* Leo.framework in Embed Frameworks */ = {isa = PBXBuildFile; fileRef = B34612E91BC5FE160068D1A1 /* Leo.framework */; settings = {ATTRIBUTES = (CodeSignOnCopy, RemoveHeadersOnCopy, ); }; };
		B36B6A0D1AD7B33D00574A8F /* ChangePersonInfoViewController.m in Sources */ = {isa = PBXBuildFile; fileRef = B36B6A0C1AD7B33D00574A8F /* ChangePersonInfoViewController.m */; };
		B36B6A101AD7B34800574A8F /* ChangePasswordViewController.m in Sources */ = {isa = PBXBuildFile; fileRef = B36B6A0F1AD7B34800574A8F /* ChangePasswordViewController.m */; };
		B36B6A131AD7B35800574A8F /* DeviceBindingViewController.m in Sources */ = {isa = PBXBuildFile; fileRef = B36B6A121AD7B35800574A8F /* DeviceBindingViewController.m */; };
		B36E574F1BB526C10044F2D8 /* IndexViewController.m in Sources */ = {isa = PBXBuildFile; fileRef = B36E574E1BB526C10044F2D8 /* IndexViewController.m */; };
		B36E57541BB52B950044F2D8 /* MainTabBarViewController.m in Sources */ = {isa = PBXBuildFile; fileRef = B36E57511BB52B950044F2D8 /* MainTabBarViewController.m */; };
		B36E57551BB52B950044F2D8 /* MainNavigationController.m in Sources */ = {isa = PBXBuildFile; fileRef = B36E57531BB52B950044F2D8 /* MainNavigationController.m */; };
		B36E57591BB52CF90044F2D8 /* CustomerViewController.m in Sources */ = {isa = PBXBuildFile; fileRef = B36E57581BB52CF90044F2D8 /* CustomerViewController.m */; };
		B36E575C1BB52D230044F2D8 /* EmployeeViewController.m in Sources */ = {isa = PBXBuildFile; fileRef = B36E575B1BB52D230044F2D8 /* EmployeeViewController.m */; };
		B36E57621BB52E970044F2D8 /* SettingTableViewController.m in Sources */ = {isa = PBXBuildFile; fileRef = B36E57611BB52E970044F2D8 /* SettingTableViewController.m */; };
		B3BAAA271AD4B535005C6497 /* CLTreeView_LEVEL0_Cell.m in Sources */ = {isa = PBXBuildFile; fileRef = B3BAAA091AD4B535005C6497 /* CLTreeView_LEVEL0_Cell.m */; };
		B3BAAA281AD4B535005C6497 /* CLTreeView_LEVEL0_Model.m in Sources */ = {isa = PBXBuildFile; fileRef = B3BAAA0B1AD4B535005C6497 /* CLTreeView_LEVEL0_Model.m */; };
		B3BAAA291AD4B535005C6497 /* CLTreeView_LEVEL1_Cell.m in Sources */ = {isa = PBXBuildFile; fileRef = B3BAAA0D1AD4B535005C6497 /* CLTreeView_LEVEL1_Cell.m */; };
		B3BAAA2A1AD4B535005C6497 /* CLTreeView_LEVEL1_Model.m in Sources */ = {isa = PBXBuildFile; fileRef = B3BAAA0F1AD4B535005C6497 /* CLTreeView_LEVEL1_Model.m */; };
		B3BAAA2B1AD4B535005C6497 /* CLTreeView_LEVEL2_Cell.m in Sources */ = {isa = PBXBuildFile; fileRef = B3BAAA111AD4B535005C6497 /* CLTreeView_LEVEL2_Cell.m */; };
		B3BAAA2C1AD4B535005C6497 /* CLTreeView_LEVEL2_Model.m in Sources */ = {isa = PBXBuildFile; fileRef = B3BAAA131AD4B535005C6497 /* CLTreeView_LEVEL2_Model.m */; };
		B3BAAA2E1AD4B535005C6497 /* CLTreeViewNode.m in Sources */ = {isa = PBXBuildFile; fileRef = B3BAAA171AD4B535005C6497 /* CLTreeViewNode.m */; };
		B3BAAA2F1AD4B535005C6497 /* contacts_collect@2x.png in Resources */ = {isa = PBXBuildFile; fileRef = B3BAAA191AD4B535005C6497 /* contacts_collect@2x.png */; };
		B3BAAA301AD4B535005C6497 /* contacts_major@2x.png in Resources */ = {isa = PBXBuildFile; fileRef = B3BAAA1A1AD4B535005C6497 /* contacts_major@2x.png */; };
		B3BAAA311AD4B535005C6497 /* head1.jpg in Resources */ = {isa = PBXBuildFile; fileRef = B3BAAA1B1AD4B535005C6497 /* head1.jpg */; };
		B3BAAA321AD4B535005C6497 /* head2.jpg in Resources */ = {isa = PBXBuildFile; fileRef = B3BAAA1C1AD4B535005C6497 /* head2.jpg */; };
		B3BAAA331AD4B535005C6497 /* head3.jpg in Resources */ = {isa = PBXBuildFile; fileRef = B3BAAA1D1AD4B535005C6497 /* head3.jpg */; };
		B3BAAA341AD4B535005C6497 /* head4.jpg in Resources */ = {isa = PBXBuildFile; fileRef = B3BAAA1E1AD4B535005C6497 /* head4.jpg */; };
		B3BAAA351AD4B535005C6497 /* head5.jpg in Resources */ = {isa = PBXBuildFile; fileRef = B3BAAA1F1AD4B535005C6497 /* head5.jpg */; };
		B3BAAA361AD4B535005C6497 /* head6.jpg in Resources */ = {isa = PBXBuildFile; fileRef = B3BAAA201AD4B535005C6497 /* head6.jpg */; };
		B3BAAA371AD4B535005C6497 /* head7.jpg in Resources */ = {isa = PBXBuildFile; fileRef = B3BAAA211AD4B535005C6497 /* head7.jpg */; };
		B3BAAA381AD4B535005C6497 /* head8.jpg in Resources */ = {isa = PBXBuildFile; fileRef = B3BAAA221AD4B535005C6497 /* head8.jpg */; };
		B3BAAA391AD4B535005C6497 /* the_arrow.png in Resources */ = {isa = PBXBuildFile; fileRef = B3BAAA231AD4B535005C6497 /* the_arrow.png */; };
		B3BAAA3A1AD4B535005C6497 /* Level0_Cell.xib in Resources */ = {isa = PBXBuildFile; fileRef = B3BAAA241AD4B535005C6497 /* Level0_Cell.xib */; };
		B3BAAA3B1AD4B535005C6497 /* Level1_Cell.xib in Resources */ = {isa = PBXBuildFile; fileRef = B3BAAA251AD4B535005C6497 /* Level1_Cell.xib */; };
		B3BAAA3C1AD4B535005C6497 /* Level2_Cell.xib in Resources */ = {isa = PBXBuildFile; fileRef = B3BAAA261AD4B535005C6497 /* Level2_Cell.xib */; };
		B3EC8FDB1AD776FA00CAC4C8 /* RECommonFunctions.m in Sources */ = {isa = PBXBuildFile; fileRef = B3EC8FD21AD776FA00CAC4C8 /* RECommonFunctions.m */; };
		B3EC8FDC1AD776FA00CAC4C8 /* REMenu.m in Sources */ = {isa = PBXBuildFile; fileRef = B3EC8FD41AD776FA00CAC4C8 /* REMenu.m */; };
		B3EC8FDD1AD776FA00CAC4C8 /* REMenuContainerView.m in Sources */ = {isa = PBXBuildFile; fileRef = B3EC8FD61AD776FA00CAC4C8 /* REMenuContainerView.m */; };
		B3EC8FDE1AD776FA00CAC4C8 /* REMenuItem.m in Sources */ = {isa = PBXBuildFile; fileRef = B3EC8FD81AD776FA00CAC4C8 /* REMenuItem.m */; };
		B3EC8FDF1AD776FA00CAC4C8 /* REMenuItemView.m in Sources */ = {isa = PBXBuildFile; fileRef = B3EC8FDA1AD776FA00CAC4C8 /* REMenuItemView.m */; };
/* End PBXBuildFile section */

/* Begin PBXCopyFilesBuildPhase section */
		B36E574C1BB5222C0044F2D8 /* Embed Frameworks */ = {
			isa = PBXCopyFilesBuildPhase;
			buildActionMask = 2147483647;
			dstPath = "";
			dstSubfolderSpec = 10;
			files = (
				B34612EB1BC5FE160068D1A1 /* Leo.framework in Embed Frameworks */,
			);
			name = "Embed Frameworks";
			runOnlyForDeploymentPostprocessing = 0;
		};
/* End PBXCopyFilesBuildPhase section */

/* Begin PBXFileReference section */
		18A47B761AC3E1B9004E1F73 /* 掌上云港.app */ = {isa = PBXFileReference; explicitFileType = wrapper.application; includeInIndex = 0; path = "掌上云港.app"; sourceTree = BUILT_PRODUCTS_DIR; };
		18A47B7A1AC3E1BB004E1F73 /* Info.plist */ = {isa = PBXFileReference; lastKnownFileType = text.plist.xml; path = Info.plist; sourceTree = "<group>"; };
		18A47B7B1AC3E1BB004E1F73 /* main.m */ = {isa = PBXFileReference; lastKnownFileType = sourcecode.c.objc; path = main.m; sourceTree = "<group>"; };
		18A47B7D1AC3E1BB004E1F73 /* AppDelegate.h */ = {isa = PBXFileReference; lastKnownFileType = sourcecode.c.h; path = AppDelegate.h; sourceTree = "<group>"; };
		18A47B7E1AC3E1BC004E1F73 /* AppDelegate.m */ = {isa = PBXFileReference; lastKnownFileType = sourcecode.c.objc; path = AppDelegate.m; sourceTree = "<group>"; };
		18A47B811AC3E1BC004E1F73 /* iPort.xcdatamodel */ = {isa = PBXFileReference; lastKnownFileType = wrapper.xcdatamodel; path = iPort.xcdatamodel; sourceTree = "<group>"; };
		18A47B871AC3E1BC004E1F73 /* Base */ = {isa = PBXFileReference; lastKnownFileType = file.storyboard; name = Base; path = Base.lproj/Main.storyboard; sourceTree = "<group>"; };
		18A47B891AC3E1BC004E1F73 /* Images.xcassets */ = {isa = PBXFileReference; lastKnownFileType = folder.assetcatalog; path = Images.xcassets; sourceTree = "<group>"; };
		18A47B8C1AC3E1BC004E1F73 /* Base */ = {isa = PBXFileReference; lastKnownFileType = file.xib; name = Base; path = Base.lproj/LaunchScreen.xib; sourceTree = "<group>"; };
		18A47B971AC3E1BC004E1F73 /* Info.plist */ = {isa = PBXFileReference; lastKnownFileType = text.plist.xml; path = Info.plist; sourceTree = "<group>"; };
		18A47B981AC3E1BC004E1F73 /* iPortTests.m */ = {isa = PBXFileReference; lastKnownFileType = sourcecode.c.objc; path = iPortTests.m; sourceTree = "<group>"; };
		B328B29F1ACA2D7E00554FAC /* iPort_aps_development.cer */ = {isa = PBXFileReference; lastKnownFileType = file; path = iPort_aps_development.cer; sourceTree = "<group>"; };
		B328B2A01ACA2D7E00554FAC /* iPort_aps_production.cer */ = {isa = PBXFileReference; lastKnownFileType = file; path = iPort_aps_production.cer; sourceTree = "<group>"; };
		B328B2FF1ACB93FD00554FAC /* LoginViewController.h */ = {isa = PBXFileReference; fileEncoding = 4; lastKnownFileType = sourcecode.c.h; path = LoginViewController.h; sourceTree = "<group>"; };
		B328B3001ACB93FD00554FAC /* LoginViewController.m */ = {isa = PBXFileReference; fileEncoding = 4; lastKnownFileType = sourcecode.c.objc; path = LoginViewController.m; sourceTree = "<group>"; };
		B328B3041ACB948200554FAC /* KeychainItemWrapper.h */ = {isa = PBXFileReference; fileEncoding = 4; lastKnownFileType = sourcecode.c.h; path = KeychainItemWrapper.h; sourceTree = "<group>"; };
		B328B3051ACB948200554FAC /* KeychainItemWrapper.m */ = {isa = PBXFileReference; fileEncoding = 4; lastKnownFileType = sourcecode.c.objc; path = KeychainItemWrapper.m; sourceTree = "<group>"; };
		B328B3061ACB948200554FAC /* 用法.rtf */ = {isa = PBXFileReference; fileEncoding = 4; lastKnownFileType = text.rtf; path = "用法.rtf"; sourceTree = "<group>"; };
		B328B3091ACB94E600554FAC /* Header.h */ = {isa = PBXFileReference; lastKnownFileType = sourcecode.c.h; path = Header.h; sourceTree = "<group>"; };
		B328B3111ACB963C00554FAC /* DeviceSender.h */ = {isa = PBXFileReference; fileEncoding = 4; lastKnownFileType = sourcecode.c.h; path = DeviceSender.h; sourceTree = "<group>"; };
		B328B3121ACB963C00554FAC /* DeviceSender.m */ = {isa = PBXFileReference; fileEncoding = 4; lastKnownFileType = sourcecode.c.objc; path = DeviceSender.m; sourceTree = "<group>"; };
		B32ABB601AF9ACA30030DD3C /* UIImageButton.h */ = {isa = PBXFileReference; fileEncoding = 4; lastKnownFileType = sourcecode.c.h; path = UIImageButton.h; sourceTree = "<group>"; };
		B32ABB611AF9ACA30030DD3C /* UIImageButton.m */ = {isa = PBXFileReference; fileEncoding = 4; lastKnownFileType = sourcecode.c.objc; path = UIImageButton.m; sourceTree = "<group>"; };
		B32ABB621AF9ACA30030DD3C /* UITableGridViewCell.h */ = {isa = PBXFileReference; fileEncoding = 4; lastKnownFileType = sourcecode.c.h; path = UITableGridViewCell.h; sourceTree = "<group>"; };
		B32ABB631AF9ACA30030DD3C /* UITableGridViewCell.m */ = {isa = PBXFileReference; fileEncoding = 4; lastKnownFileType = sourcecode.c.objc; path = UITableGridViewCell.m; sourceTree = "<group>"; };
		B34612E91BC5FE160068D1A1 /* Leo.framework */ = {isa = PBXFileReference; lastKnownFileType = wrapper.framework; name = Leo.framework; path = ../Leo/Products/Leo.framework; sourceTree = "<group>"; };
		B36B6A0B1AD7B33D00574A8F /* ChangePersonInfoViewController.h */ = {isa = PBXFileReference; fileEncoding = 4; lastKnownFileType = sourcecode.c.h; path = ChangePersonInfoViewController.h; sourceTree = "<group>"; };
		B36B6A0C1AD7B33D00574A8F /* ChangePersonInfoViewController.m */ = {isa = PBXFileReference; fileEncoding = 4; lastKnownFileType = sourcecode.c.objc; path = ChangePersonInfoViewController.m; sourceTree = "<group>"; };
		B36B6A0E1AD7B34800574A8F /* ChangePasswordViewController.h */ = {isa = PBXFileReference; fileEncoding = 4; lastKnownFileType = sourcecode.c.h; path = ChangePasswordViewController.h; sourceTree = "<group>"; };
		B36B6A0F1AD7B34800574A8F /* ChangePasswordViewController.m */ = {isa = PBXFileReference; fileEncoding = 4; lastKnownFileType = sourcecode.c.objc; path = ChangePasswordViewController.m; sourceTree = "<group>"; };
		B36B6A111AD7B35800574A8F /* DeviceBindingViewController.h */ = {isa = PBXFileReference; fileEncoding = 4; lastKnownFileType = sourcecode.c.h; path = DeviceBindingViewController.h; sourceTree = "<group>"; };
		B36B6A121AD7B35800574A8F /* DeviceBindingViewController.m */ = {isa = PBXFileReference; fileEncoding = 4; lastKnownFileType = sourcecode.c.objc; path = DeviceBindingViewController.m; sourceTree = "<group>"; };
		B36E574D1BB526C10044F2D8 /* IndexViewController.h */ = {isa = PBXFileReference; fileEncoding = 4; lastKnownFileType = sourcecode.c.h; path = IndexViewController.h; sourceTree = "<group>"; };
		B36E574E1BB526C10044F2D8 /* IndexViewController.m */ = {isa = PBXFileReference; fileEncoding = 4; lastKnownFileType = sourcecode.c.objc; path = IndexViewController.m; sourceTree = "<group>"; };
		B36E57501BB52B950044F2D8 /* MainTabBarViewController.h */ = {isa = PBXFileReference; fileEncoding = 4; lastKnownFileType = sourcecode.c.h; path = MainTabBarViewController.h; sourceTree = "<group>"; };
		B36E57511BB52B950044F2D8 /* MainTabBarViewController.m */ = {isa = PBXFileReference; fileEncoding = 4; lastKnownFileType = sourcecode.c.objc; path = MainTabBarViewController.m; sourceTree = "<group>"; };
		B36E57521BB52B950044F2D8 /* MainNavigationController.h */ = {isa = PBXFileReference; fileEncoding = 4; lastKnownFileType = sourcecode.c.h; path = MainNavigationController.h; sourceTree = "<group>"; };
		B36E57531BB52B950044F2D8 /* MainNavigationController.m */ = {isa = PBXFileReference; fileEncoding = 4; lastKnownFileType = sourcecode.c.objc; path = MainNavigationController.m; sourceTree = "<group>"; };
		B36E57571BB52CF90044F2D8 /* CustomerViewController.h */ = {isa = PBXFileReference; fileEncoding = 4; lastKnownFileType = sourcecode.c.h; path = CustomerViewController.h; sourceTree = "<group>"; };
		B36E57581BB52CF90044F2D8 /* CustomerViewController.m */ = {isa = PBXFileReference; fileEncoding = 4; lastKnownFileType = sourcecode.c.objc; path = CustomerViewController.m; sourceTree = "<group>"; };
		B36E575A1BB52D230044F2D8 /* EmployeeViewController.h */ = {isa = PBXFileReference; fileEncoding = 4; lastKnownFileType = sourcecode.c.h; path = EmployeeViewController.h; sourceTree = "<group>"; };
		B36E575B1BB52D230044F2D8 /* EmployeeViewController.m */ = {isa = PBXFileReference; fileEncoding = 4; lastKnownFileType = sourcecode.c.objc; path = EmployeeViewController.m; sourceTree = "<group>"; };
		B36E57601BB52E970044F2D8 /* SettingTableViewController.h */ = {isa = PBXFileReference; fileEncoding = 4; lastKnownFileType = sourcecode.c.h; path = SettingTableViewController.h; sourceTree = "<group>"; };
		B36E57611BB52E970044F2D8 /* SettingTableViewController.m */ = {isa = PBXFileReference; fileEncoding = 4; lastKnownFileType = sourcecode.c.objc; path = SettingTableViewController.m; sourceTree = "<group>"; };
		B3BAAA071AD4B535005C6497 /* CLTree.h */ = {isa = PBXFileReference; fileEncoding = 4; lastKnownFileType = sourcecode.c.h; path = CLTree.h; sourceTree = "<group>"; };
		B3BAAA081AD4B535005C6497 /* CLTreeView_LEVEL0_Cell.h */ = {isa = PBXFileReference; fileEncoding = 4; lastKnownFileType = sourcecode.c.h; path = CLTreeView_LEVEL0_Cell.h; sourceTree = "<group>"; };
		B3BAAA091AD4B535005C6497 /* CLTreeView_LEVEL0_Cell.m */ = {isa = PBXFileReference; fileEncoding = 4; lastKnownFileType = sourcecode.c.objc; path = CLTreeView_LEVEL0_Cell.m; sourceTree = "<group>"; };
		B3BAAA0A1AD4B535005C6497 /* CLTreeView_LEVEL0_Model.h */ = {isa = PBXFileReference; fileEncoding = 4; lastKnownFileType = sourcecode.c.h; path = CLTreeView_LEVEL0_Model.h; sourceTree = "<group>"; };
		B3BAAA0B1AD4B535005C6497 /* CLTreeView_LEVEL0_Model.m */ = {isa = PBXFileReference; fileEncoding = 4; lastKnownFileType = sourcecode.c.objc; path = CLTreeView_LEVEL0_Model.m; sourceTree = "<group>"; };
		B3BAAA0C1AD4B535005C6497 /* CLTreeView_LEVEL1_Cell.h */ = {isa = PBXFileReference; fileEncoding = 4; lastKnownFileType = sourcecode.c.h; path = CLTreeView_LEVEL1_Cell.h; sourceTree = "<group>"; };
		B3BAAA0D1AD4B535005C6497 /* CLTreeView_LEVEL1_Cell.m */ = {isa = PBXFileReference; fileEncoding = 4; lastKnownFileType = sourcecode.c.objc; path = CLTreeView_LEVEL1_Cell.m; sourceTree = "<group>"; };
		B3BAAA0E1AD4B535005C6497 /* CLTreeView_LEVEL1_Model.h */ = {isa = PBXFileReference; fileEncoding = 4; lastKnownFileType = sourcecode.c.h; path = CLTreeView_LEVEL1_Model.h; sourceTree = "<group>"; };
		B3BAAA0F1AD4B535005C6497 /* CLTreeView_LEVEL1_Model.m */ = {isa = PBXFileReference; fileEncoding = 4; lastKnownFileType = sourcecode.c.objc; path = CLTreeView_LEVEL1_Model.m; sourceTree = "<group>"; };
		B3BAAA101AD4B535005C6497 /* CLTreeView_LEVEL2_Cell.h */ = {isa = PBXFileReference; fileEncoding = 4; lastKnownFileType = sourcecode.c.h; path = CLTreeView_LEVEL2_Cell.h; sourceTree = "<group>"; };
		B3BAAA111AD4B535005C6497 /* CLTreeView_LEVEL2_Cell.m */ = {isa = PBXFileReference; fileEncoding = 4; lastKnownFileType = sourcecode.c.objc; path = CLTreeView_LEVEL2_Cell.m; sourceTree = "<group>"; };
		B3BAAA121AD4B535005C6497 /* CLTreeView_LEVEL2_Model.h */ = {isa = PBXFileReference; fileEncoding = 4; lastKnownFileType = sourcecode.c.h; path = CLTreeView_LEVEL2_Model.h; sourceTree = "<group>"; };
		B3BAAA131AD4B535005C6497 /* CLTreeView_LEVEL2_Model.m */ = {isa = PBXFileReference; fileEncoding = 4; lastKnownFileType = sourcecode.c.objc; path = CLTreeView_LEVEL2_Model.m; sourceTree = "<group>"; };
		B3BAAA161AD4B535005C6497 /* CLTreeViewNode.h */ = {isa = PBXFileReference; fileEncoding = 4; lastKnownFileType = sourcecode.c.h; path = CLTreeViewNode.h; sourceTree = "<group>"; };
		B3BAAA171AD4B535005C6497 /* CLTreeViewNode.m */ = {isa = PBXFileReference; fileEncoding = 4; lastKnownFileType = sourcecode.c.objc; path = CLTreeViewNode.m; sourceTree = "<group>"; };
		B3BAAA191AD4B535005C6497 /* contacts_collect@2x.png */ = {isa = PBXFileReference; lastKnownFileType = image.png; path = "contacts_collect@2x.png"; sourceTree = "<group>"; };
		B3BAAA1A1AD4B535005C6497 /* contacts_major@2x.png */ = {isa = PBXFileReference; lastKnownFileType = image.png; path = "contacts_major@2x.png"; sourceTree = "<group>"; };
		B3BAAA1B1AD4B535005C6497 /* head1.jpg */ = {isa = PBXFileReference; lastKnownFileType = image.jpeg; path = head1.jpg; sourceTree = "<group>"; };
		B3BAAA1C1AD4B535005C6497 /* head2.jpg */ = {isa = PBXFileReference; lastKnownFileType = image.jpeg; path = head2.jpg; sourceTree = "<group>"; };
		B3BAAA1D1AD4B535005C6497 /* head3.jpg */ = {isa = PBXFileReference; lastKnownFileType = image.jpeg; path = head3.jpg; sourceTree = "<group>"; };
		B3BAAA1E1AD4B535005C6497 /* head4.jpg */ = {isa = PBXFileReference; lastKnownFileType = image.jpeg; path = head4.jpg; sourceTree = "<group>"; };
		B3BAAA1F1AD4B535005C6497 /* head5.jpg */ = {isa = PBXFileReference; lastKnownFileType = image.jpeg; path = head5.jpg; sourceTree = "<group>"; };
		B3BAAA201AD4B535005C6497 /* head6.jpg */ = {isa = PBXFileReference; lastKnownFileType = image.jpeg; path = head6.jpg; sourceTree = "<group>"; };
		B3BAAA211AD4B535005C6497 /* head7.jpg */ = {isa = PBXFileReference; lastKnownFileType = image.jpeg; path = head7.jpg; sourceTree = "<group>"; };
		B3BAAA221AD4B535005C6497 /* head8.jpg */ = {isa = PBXFileReference; lastKnownFileType = image.jpeg; path = head8.jpg; sourceTree = "<group>"; };
		B3BAAA231AD4B535005C6497 /* the_arrow.png */ = {isa = PBXFileReference; lastKnownFileType = image.png; path = the_arrow.png; sourceTree = "<group>"; };
		B3BAAA241AD4B535005C6497 /* Level0_Cell.xib */ = {isa = PBXFileReference; fileEncoding = 4; lastKnownFileType = file.xib; path = Level0_Cell.xib; sourceTree = "<group>"; };
		B3BAAA251AD4B535005C6497 /* Level1_Cell.xib */ = {isa = PBXFileReference; fileEncoding = 4; lastKnownFileType = file.xib; path = Level1_Cell.xib; sourceTree = "<group>"; };
		B3BAAA261AD4B535005C6497 /* Level2_Cell.xib */ = {isa = PBXFileReference; fileEncoding = 4; lastKnownFileType = file.xib; path = Level2_Cell.xib; sourceTree = "<group>"; };
		B3EC8FD11AD776F900CAC4C8 /* RECommonFunctions.h */ = {isa = PBXFileReference; fileEncoding = 4; lastKnownFileType = sourcecode.c.h; path = RECommonFunctions.h; sourceTree = "<group>"; };
		B3EC8FD21AD776FA00CAC4C8 /* RECommonFunctions.m */ = {isa = PBXFileReference; fileEncoding = 4; lastKnownFileType = sourcecode.c.objc; path = RECommonFunctions.m; sourceTree = "<group>"; };
		B3EC8FD31AD776FA00CAC4C8 /* REMenu.h */ = {isa = PBXFileReference; fileEncoding = 4; lastKnownFileType = sourcecode.c.h; path = REMenu.h; sourceTree = "<group>"; };
		B3EC8FD41AD776FA00CAC4C8 /* REMenu.m */ = {isa = PBXFileReference; fileEncoding = 4; lastKnownFileType = sourcecode.c.objc; path = REMenu.m; sourceTree = "<group>"; };
		B3EC8FD51AD776FA00CAC4C8 /* REMenuContainerView.h */ = {isa = PBXFileReference; fileEncoding = 4; lastKnownFileType = sourcecode.c.h; path = REMenuContainerView.h; sourceTree = "<group>"; };
		B3EC8FD61AD776FA00CAC4C8 /* REMenuContainerView.m */ = {isa = PBXFileReference; fileEncoding = 4; lastKnownFileType = sourcecode.c.objc; path = REMenuContainerView.m; sourceTree = "<group>"; };
		B3EC8FD71AD776FA00CAC4C8 /* REMenuItem.h */ = {isa = PBXFileReference; fileEncoding = 4; lastKnownFileType = sourcecode.c.h; path = REMenuItem.h; sourceTree = "<group>"; };
		B3EC8FD81AD776FA00CAC4C8 /* REMenuItem.m */ = {isa = PBXFileReference; fileEncoding = 4; lastKnownFileType = sourcecode.c.objc; path = REMenuItem.m; sourceTree = "<group>"; };
		B3EC8FD91AD776FA00CAC4C8 /* REMenuItemView.h */ = {isa = PBXFileReference; fileEncoding = 4; lastKnownFileType = sourcecode.c.h; path = REMenuItemView.h; sourceTree = "<group>"; };
		B3EC8FDA1AD776FA00CAC4C8 /* REMenuItemView.m */ = {isa = PBXFileReference; fileEncoding = 4; lastKnownFileType = sourcecode.c.objc; path = REMenuItemView.m; sourceTree = "<group>"; };
/* End PBXFileReference section */

/* Begin PBXFrameworksBuildPhase section */
		18A47B731AC3E1B9004E1F73 /* Frameworks */ = {
			isa = PBXFrameworksBuildPhase;
			buildActionMask = 2147483647;
			files = (
				B34612EA1BC5FE160068D1A1 /* Leo.framework in Frameworks */,
			);
			runOnlyForDeploymentPostprocessing = 0;
		};
/* End PBXFrameworksBuildPhase section */

/* Begin PBXGroup section */
		18A47B6D1AC3E1B9004E1F73 = {
			isa = PBXGroup;
			children = (
				B34612E91BC5FE160068D1A1 /* Leo.framework */,
				18A47B781AC3E1B9004E1F73 /* iPort */,
				18A47B951AC3E1BC004E1F73 /* iPortTests */,
				18A47B771AC3E1B9004E1F73 /* Products */,
			);
			sourceTree = "<group>";
		};
		18A47B771AC3E1B9004E1F73 /* Products */ = {
			isa = PBXGroup;
			children = (
				18A47B761AC3E1B9004E1F73 /* 掌上云港.app */,
			);
			name = Products;
			sourceTree = "<group>";
		};
		18A47B781AC3E1B9004E1F73 /* iPort */ = {
			isa = PBXGroup;
			children = (
				B328B3021ACB943B00554FAC /* Resource */,
				B328B29E1ACA2D7000554FAC /* APNS */,
				B328B2A11ACA2FAF00554FAC /* Main */,
				18A47B791AC3E1BB004E1F73 /* Supporting Files */,
			);
			path = iPort;
			sourceTree = "<group>";
		};
		18A47B791AC3E1BB004E1F73 /* Supporting Files */ = {
			isa = PBXGroup;
			children = (
				B328B3111ACB963C00554FAC /* DeviceSender.h */,
				B328B3121ACB963C00554FAC /* DeviceSender.m */,
				B328B3091ACB94E600554FAC /* Header.h */,
				18A47B7D1AC3E1BB004E1F73 /* AppDelegate.h */,
				18A47B7E1AC3E1BC004E1F73 /* AppDelegate.m */,
				18A47B861AC3E1BC004E1F73 /* Main.storyboard */,
				18A47B891AC3E1BC004E1F73 /* Images.xcassets */,
				18A47B8B1AC3E1BC004E1F73 /* LaunchScreen.xib */,
				18A47B801AC3E1BC004E1F73 /* iPort.xcdatamodeld */,
				18A47B7A1AC3E1BB004E1F73 /* Info.plist */,
				18A47B7B1AC3E1BB004E1F73 /* main.m */,
			);
			name = "Supporting Files";
			sourceTree = "<group>";
		};
		18A47B951AC3E1BC004E1F73 /* iPortTests */ = {
			isa = PBXGroup;
			children = (
				18A47B981AC3E1BC004E1F73 /* iPortTests.m */,
				18A47B961AC3E1BC004E1F73 /* Supporting Files */,
			);
			path = iPortTests;
			sourceTree = "<group>";
		};
		18A47B961AC3E1BC004E1F73 /* Supporting Files */ = {
			isa = PBXGroup;
			children = (
				18A47B971AC3E1BC004E1F73 /* Info.plist */,
			);
			name = "Supporting Files";
			sourceTree = "<group>";
		};
		B328B29E1ACA2D7000554FAC /* APNS */ = {
			isa = PBXGroup;
			children = (
				B328B29F1ACA2D7E00554FAC /* iPort_aps_development.cer */,
				B328B2A01ACA2D7E00554FAC /* iPort_aps_production.cer */,
			);
			name = APNS;
			path = ..;
			sourceTree = "<group>";
		};
		B328B2A11ACA2FAF00554FAC /* Main */ = {
			isa = PBXGroup;
			children = (
				B36E57561BB52C7C0044F2D8 /* Tab */,
				B388FB001ADB94E8002D2513 /* Nav */,
				B36B6A0A1AD7B30600574A8F /* PersonInfo */,
				B328B2FF1ACB93FD00554FAC /* LoginViewController.h */,
				B328B3001ACB93FD00554FAC /* LoginViewController.m */,
			);
			name = Main;
			sourceTree = "<group>";
		};
		B328B3021ACB943B00554FAC /* Resource */ = {
			isa = PBXGroup;
			children = (
				B32ABB5F1AF9ACA30030DD3C /* iGrid */,
				B3EC8FC11AD776CD00CAC4C8 /* REMenu */,
				B3BAAA061AD4B535005C6497 /* CLTreeView */,
				B328B3031ACB948200554FAC /* KeyChainItemWrapper */,
			);
			name = Resource;
			sourceTree = "<group>";
		};
		B328B3031ACB948200554FAC /* KeyChainItemWrapper */ = {
			isa = PBXGroup;
			children = (
				B328B3041ACB948200554FAC /* KeychainItemWrapper.h */,
				B328B3051ACB948200554FAC /* KeychainItemWrapper.m */,
				B328B3061ACB948200554FAC /* 用法.rtf */,
			);
			path = KeyChainItemWrapper;
			sourceTree = "<group>";
		};
		B32ABB5F1AF9ACA30030DD3C /* iGrid */ = {
			isa = PBXGroup;
			children = (
				B32ABB601AF9ACA30030DD3C /* UIImageButton.h */,
				B32ABB611AF9ACA30030DD3C /* UIImageButton.m */,
				B32ABB621AF9ACA30030DD3C /* UITableGridViewCell.h */,
				B32ABB631AF9ACA30030DD3C /* UITableGridViewCell.m */,
			);
			path = iGrid;
			sourceTree = "<group>";
		};
		B36B6A0A1AD7B30600574A8F /* PersonInfo */ = {
			isa = PBXGroup;
			children = (
				B36B6A0B1AD7B33D00574A8F /* ChangePersonInfoViewController.h */,
				B36B6A0C1AD7B33D00574A8F /* ChangePersonInfoViewController.m */,
				B36B6A0E1AD7B34800574A8F /* ChangePasswordViewController.h */,
				B36B6A0F1AD7B34800574A8F /* ChangePasswordViewController.m */,
				B36B6A111AD7B35800574A8F /* DeviceBindingViewController.h */,
				B36B6A121AD7B35800574A8F /* DeviceBindingViewController.m */,
			);
			name = PersonInfo;
			sourceTree = "<group>";
		};
		B36E57561BB52C7C0044F2D8 /* Tab */ = {
			isa = PBXGroup;
			children = (
				B3DE69F31BCB4CE800C79F39 /* MyApp */,
				B36E574D1BB526C10044F2D8 /* IndexViewController.h */,
				B36E574E1BB526C10044F2D8 /* IndexViewController.m */,
				B36E57571BB52CF90044F2D8 /* CustomerViewController.h */,
				B36E57581BB52CF90044F2D8 /* CustomerViewController.m */,
				B36E57601BB52E970044F2D8 /* SettingTableViewController.h */,
				B36E57611BB52E970044F2D8 /* SettingTableViewController.m */,
			);
			name = Tab;
			sourceTree = "<group>";
		};
		B388FB001ADB94E8002D2513 /* Nav */ = {
			isa = PBXGroup;
			children = (
				B36E57501BB52B950044F2D8 /* MainTabBarViewController.h */,
				B36E57511BB52B950044F2D8 /* MainTabBarViewController.m */,
				B36E57521BB52B950044F2D8 /* MainNavigationController.h */,
				B36E57531BB52B950044F2D8 /* MainNavigationController.m */,
			);
			name = Nav;
			sourceTree = "<group>";
		};
		B3BAAA061AD4B535005C6497 /* CLTreeView */ = {
			isa = PBXGroup;
			children = (
				B3BAAA071AD4B535005C6497 /* CLTree.h */,
				B3BAAA081AD4B535005C6497 /* CLTreeView_LEVEL0_Cell.h */,
				B3BAAA091AD4B535005C6497 /* CLTreeView_LEVEL0_Cell.m */,
				B3BAAA0A1AD4B535005C6497 /* CLTreeView_LEVEL0_Model.h */,
				B3BAAA0B1AD4B535005C6497 /* CLTreeView_LEVEL0_Model.m */,
				B3BAAA0C1AD4B535005C6497 /* CLTreeView_LEVEL1_Cell.h */,
				B3BAAA0D1AD4B535005C6497 /* CLTreeView_LEVEL1_Cell.m */,
				B3BAAA0E1AD4B535005C6497 /* CLTreeView_LEVEL1_Model.h */,
				B3BAAA0F1AD4B535005C6497 /* CLTreeView_LEVEL1_Model.m */,
				B3BAAA101AD4B535005C6497 /* CLTreeView_LEVEL2_Cell.h */,
				B3BAAA111AD4B535005C6497 /* CLTreeView_LEVEL2_Cell.m */,
				B3BAAA121AD4B535005C6497 /* CLTreeView_LEVEL2_Model.h */,
				B3BAAA131AD4B535005C6497 /* CLTreeView_LEVEL2_Model.m */,
				B3BAAA161AD4B535005C6497 /* CLTreeViewNode.h */,
				B3BAAA171AD4B535005C6497 /* CLTreeViewNode.m */,
				B3BAAA181AD4B535005C6497 /* image */,
				B3BAAA241AD4B535005C6497 /* Level0_Cell.xib */,
				B3BAAA251AD4B535005C6497 /* Level1_Cell.xib */,
				B3BAAA261AD4B535005C6497 /* Level2_Cell.xib */,
			);
			path = CLTreeView;
			sourceTree = "<group>";
		};
		B3BAAA181AD4B535005C6497 /* image */ = {
			isa = PBXGroup;
			children = (
				B3BAAA191AD4B535005C6497 /* contacts_collect@2x.png */,
				B3BAAA1A1AD4B535005C6497 /* contacts_major@2x.png */,
				B3BAAA1B1AD4B535005C6497 /* head1.jpg */,
				B3BAAA1C1AD4B535005C6497 /* head2.jpg */,
				B3BAAA1D1AD4B535005C6497 /* head3.jpg */,
				B3BAAA1E1AD4B535005C6497 /* head4.jpg */,
				B3BAAA1F1AD4B535005C6497 /* head5.jpg */,
				B3BAAA201AD4B535005C6497 /* head6.jpg */,
				B3BAAA211AD4B535005C6497 /* head7.jpg */,
				B3BAAA221AD4B535005C6497 /* head8.jpg */,
				B3BAAA231AD4B535005C6497 /* the_arrow.png */,
			);
			path = image;
			sourceTree = "<group>";
		};
		B3DE69F31BCB4CE800C79F39 /* MyApp */ = {
			isa = PBXGroup;
			children = (
				B36E575A1BB52D230044F2D8 /* EmployeeViewController.h */,
				B36E575B1BB52D230044F2D8 /* EmployeeViewController.m */,
			);
			name = MyApp;
			sourceTree = "<group>";
		};
		B3EC8FC11AD776CD00CAC4C8 /* REMenu */ = {
			isa = PBXGroup;
			children = (
				B3EC8FD11AD776F900CAC4C8 /* RECommonFunctions.h */,
				B3EC8FD21AD776FA00CAC4C8 /* RECommonFunctions.m */,
				B3EC8FD31AD776FA00CAC4C8 /* REMenu.h */,
				B3EC8FD41AD776FA00CAC4C8 /* REMenu.m */,
				B3EC8FD51AD776FA00CAC4C8 /* REMenuContainerView.h */,
				B3EC8FD61AD776FA00CAC4C8 /* REMenuContainerView.m */,
				B3EC8FD71AD776FA00CAC4C8 /* REMenuItem.h */,
				B3EC8FD81AD776FA00CAC4C8 /* REMenuItem.m */,
				B3EC8FD91AD776FA00CAC4C8 /* REMenuItemView.h */,
				B3EC8FDA1AD776FA00CAC4C8 /* REMenuItemView.m */,
			);
			name = REMenu;
			sourceTree = "<group>";
		};
/* End PBXGroup section */

/* Begin PBXNativeTarget section */
		18A47B751AC3E1B9004E1F73 /* iPort */ = {
			isa = PBXNativeTarget;
			buildConfigurationList = 18A47B9C1AC3E1BC004E1F73 /* Build configuration list for PBXNativeTarget "iPort" */;
			buildPhases = (
				18A47B721AC3E1B9004E1F73 /* Sources */,
				18A47B731AC3E1B9004E1F73 /* Frameworks */,
				18A47B741AC3E1B9004E1F73 /* Resources */,
				B36E574C1BB5222C0044F2D8 /* Embed Frameworks */,
			);
			buildRules = (
			);
			dependencies = (
			);
			name = iPort;
			productName = iPort;
			productReference = 18A47B761AC3E1B9004E1F73 /* 掌上云港.app */;
			productType = "com.apple.product-type.application";
		};
/* End PBXNativeTarget section */

/* Begin PBXProject section */
		18A47B6E1AC3E1B9004E1F73 /* Project object */ = {
			isa = PBXProject;
			attributes = {
				LastUpgradeCheck = 0700;
				ORGANIZATIONNAME = leo;
				TargetAttributes = {
					18A47B751AC3E1B9004E1F73 = {
						CreatedOnToolsVersion = 6.2;
						DevelopmentTeam = 29TSL4289R;
					};
				};
			};
			buildConfigurationList = 18A47B711AC3E1B9004E1F73 /* Build configuration list for PBXProject "iPort" */;
			compatibilityVersion = "Xcode 3.2";
			developmentRegion = English;
			hasScannedForEncodings = 0;
			knownRegions = (
				en,
				Base,
			);
			mainGroup = 18A47B6D1AC3E1B9004E1F73;
			productRefGroup = 18A47B771AC3E1B9004E1F73 /* Products */;
			projectDirPath = "";
			projectRoot = "";
			targets = (
				18A47B751AC3E1B9004E1F73 /* iPort */,
			);
		};
/* End PBXProject section */

/* Begin PBXResourcesBuildPhase section */
		18A47B741AC3E1B9004E1F73 /* Resources */ = {
			isa = PBXResourcesBuildPhase;
			buildActionMask = 2147483647;
			files = (
				B3BAAA341AD4B535005C6497 /* head4.jpg in Resources */,
				B3BAAA371AD4B535005C6497 /* head7.jpg in Resources */,
				B3BAAA381AD4B535005C6497 /* head8.jpg in Resources */,
				B3BAAA3B1AD4B535005C6497 /* Level1_Cell.xib in Resources */,
				18A47B881AC3E1BC004E1F73 /* Main.storyboard in Resources */,
				B3BAAA331AD4B535005C6497 /* head3.jpg in Resources */,
				B3BAAA2F1AD4B535005C6497 /* contacts_collect@2x.png in Resources */,
				B3BAAA3C1AD4B535005C6497 /* Level2_Cell.xib in Resources */,
				B3BAAA361AD4B535005C6497 /* head6.jpg in Resources */,
				B3BAAA3A1AD4B535005C6497 /* Level0_Cell.xib in Resources */,
				B3BAAA391AD4B535005C6497 /* the_arrow.png in Resources */,
				B3BAAA311AD4B535005C6497 /* head1.jpg in Resources */,
				B3BAAA351AD4B535005C6497 /* head5.jpg in Resources */,
				B328B3081ACB948200554FAC /* 用法.rtf in Resources */,
				B3BAAA321AD4B535005C6497 /* head2.jpg in Resources */,
				B3BAAA301AD4B535005C6497 /* contacts_major@2x.png in Resources */,
				18A47B8D1AC3E1BC004E1F73 /* LaunchScreen.xib in Resources */,
				18A47B8A1AC3E1BC004E1F73 /* Images.xcassets in Resources */,
			);
			runOnlyForDeploymentPostprocessing = 0;
		};
/* End PBXResourcesBuildPhase section */

/* Begin PBXSourcesBuildPhase section */
		18A47B721AC3E1B9004E1F73 /* Sources */ = {
			isa = PBXSourcesBuildPhase;
			buildActionMask = 2147483647;
			files = (
				B3BAAA291AD4B535005C6497 /* CLTreeView_LEVEL1_Cell.m in Sources */,
				B3BAAA2E1AD4B535005C6497 /* CLTreeViewNode.m in Sources */,
				B36E575C1BB52D230044F2D8 /* EmployeeViewController.m in Sources */,
				B36B6A101AD7B34800574A8F /* ChangePasswordViewController.m in Sources */,
				B36B6A131AD7B35800574A8F /* DeviceBindingViewController.m in Sources */,
				18A47B821AC3E1BC004E1F73 /* iPort.xcdatamodeld in Sources */,
				B3EC8FDF1AD776FA00CAC4C8 /* REMenuItemView.m in Sources */,
				B3EC8FDB1AD776FA00CAC4C8 /* RECommonFunctions.m in Sources */,
				B32ABB641AF9ACA30030DD3C /* UIImageButton.m in Sources */,
				B3EC8FDC1AD776FA00CAC4C8 /* REMenu.m in Sources */,
				B328B3131ACB963C00554FAC /* DeviceSender.m in Sources */,
				B36E574F1BB526C10044F2D8 /* IndexViewController.m in Sources */,
				B32ABB651AF9ACA30030DD3C /* UITableGridViewCell.m in Sources */,
				B36E57541BB52B950044F2D8 /* MainTabBarViewController.m in Sources */,
				B3BAAA2C1AD4B535005C6497 /* CLTreeView_LEVEL2_Model.m in Sources */,
				18A47B7F1AC3E1BC004E1F73 /* AppDelegate.m in Sources */,
				18A47B7C1AC3E1BB004E1F73 /* main.m in Sources */,
				B36E57551BB52B950044F2D8 /* MainNavigationController.m in Sources */,
				B328B3071ACB948200554FAC /* KeychainItemWrapper.m in Sources */,
				B3BAAA281AD4B535005C6497 /* CLTreeView_LEVEL0_Model.m in Sources */,
				B3EC8FDE1AD776FA00CAC4C8 /* REMenuItem.m in Sources */,
				B3EC8FDD1AD776FA00CAC4C8 /* REMenuContainerView.m in Sources */,
				B3BAAA271AD4B535005C6497 /* CLTreeView_LEVEL0_Cell.m in Sources */,
				B36E57591BB52CF90044F2D8 /* CustomerViewController.m in Sources */,
				B3BAAA2A1AD4B535005C6497 /* CLTreeView_LEVEL1_Model.m in Sources */,
				B36E57621BB52E970044F2D8 /* SettingTableViewController.m in Sources */,
				B328B3011ACB93FD00554FAC /* LoginViewController.m in Sources */,
				B3BAAA2B1AD4B535005C6497 /* CLTreeView_LEVEL2_Cell.m in Sources */,
				B36B6A0D1AD7B33D00574A8F /* ChangePersonInfoViewController.m in Sources */,
			);
			runOnlyForDeploymentPostprocessing = 0;
		};
/* End PBXSourcesBuildPhase section */

/* Begin PBXVariantGroup section */
		18A47B861AC3E1BC004E1F73 /* Main.storyboard */ = {
			isa = PBXVariantGroup;
			children = (
				18A47B871AC3E1BC004E1F73 /* Base */,
			);
			name = Main.storyboard;
			sourceTree = "<group>";
		};
		18A47B8B1AC3E1BC004E1F73 /* LaunchScreen.xib */ = {
			isa = PBXVariantGroup;
			children = (
				18A47B8C1AC3E1BC004E1F73 /* Base */,
			);
			name = LaunchScreen.xib;
			sourceTree = "<group>";
		};
/* End PBXVariantGroup section */

/* Begin XCBuildConfiguration section */
		18A47B9A1AC3E1BC004E1F73 /* Debug */ = {
			isa = XCBuildConfiguration;
			buildSettings = {
				ALWAYS_SEARCH_USER_PATHS = NO;
				CLANG_CXX_LANGUAGE_STANDARD = "gnu++0x";
				CLANG_CXX_LIBRARY = "libc++";
				CLANG_ENABLE_MODULES = YES;
				CLANG_ENABLE_OBJC_ARC = YES;
				CLANG_WARN_BOOL_CONVERSION = YES;
				CLANG_WARN_CONSTANT_CONVERSION = YES;
				CLANG_WARN_DIRECT_OBJC_ISA_USAGE = YES_ERROR;
				CLANG_WARN_EMPTY_BODY = YES;
				CLANG_WARN_ENUM_CONVERSION = YES;
				CLANG_WARN_INT_CONVERSION = YES;
				CLANG_WARN_OBJC_ROOT_CLASS = YES_ERROR;
				CLANG_WARN_UNREACHABLE_CODE = YES;
				CLANG_WARN__DUPLICATE_METHOD_MATCH = YES;
				"CODE_SIGN_IDENTITY[sdk=iphoneos*]" = "iPhone Developer";
				COPY_PHASE_STRIP = NO;
				ENABLE_STRICT_OBJC_MSGSEND = YES;
				ENABLE_TESTABILITY = YES;
				GCC_C_LANGUAGE_STANDARD = gnu99;
				GCC_DYNAMIC_NO_PIC = NO;
				GCC_OPTIMIZATION_LEVEL = 0;
				GCC_PREPROCESSOR_DEFINITIONS = (
					"DEBUG=1",
					"$(inherited)",
				);
				GCC_SYMBOLS_PRIVATE_EXTERN = NO;
				GCC_WARN_64_TO_32_BIT_CONVERSION = YES;
				GCC_WARN_ABOUT_RETURN_TYPE = YES_ERROR;
				GCC_WARN_UNDECLARED_SELECTOR = YES;
				GCC_WARN_UNINITIALIZED_AUTOS = YES_AGGRESSIVE;
				GCC_WARN_UNUSED_FUNCTION = YES;
				GCC_WARN_UNUSED_VARIABLE = YES;
				IPHONEOS_DEPLOYMENT_TARGET = 8.2;
				MTL_ENABLE_DEBUG_INFO = YES;
				ONLY_ACTIVE_ARCH = YES;
				SDKROOT = iphoneos;
				TARGETED_DEVICE_FAMILY = "1,2";
			};
			name = Debug;
		};
		18A47B9B1AC3E1BC004E1F73 /* Release */ = {
			isa = XCBuildConfiguration;
			buildSettings = {
				ALWAYS_SEARCH_USER_PATHS = NO;
				CLANG_CXX_LANGUAGE_STANDARD = "gnu++0x";
				CLANG_CXX_LIBRARY = "libc++";
				CLANG_ENABLE_MODULES = YES;
				CLANG_ENABLE_OBJC_ARC = YES;
				CLANG_WARN_BOOL_CONVERSION = YES;
				CLANG_WARN_CONSTANT_CONVERSION = YES;
				CLANG_WARN_DIRECT_OBJC_ISA_USAGE = YES_ERROR;
				CLANG_WARN_EMPTY_BODY = YES;
				CLANG_WARN_ENUM_CONVERSION = YES;
				CLANG_WARN_INT_CONVERSION = YES;
				CLANG_WARN_OBJC_ROOT_CLASS = YES_ERROR;
				CLANG_WARN_UNREACHABLE_CODE = YES;
				CLANG_WARN__DUPLICATE_METHOD_MATCH = YES;
				"CODE_SIGN_IDENTITY[sdk=iphoneos*]" = "iPhone Developer";
				COPY_PHASE_STRIP = NO;
				ENABLE_NS_ASSERTIONS = NO;
				ENABLE_STRICT_OBJC_MSGSEND = YES;
				GCC_C_LANGUAGE_STANDARD = gnu99;
				GCC_WARN_64_TO_32_BIT_CONVERSION = YES;
				GCC_WARN_ABOUT_RETURN_TYPE = YES_ERROR;
				GCC_WARN_UNDECLARED_SELECTOR = YES;
				GCC_WARN_UNINITIALIZED_AUTOS = YES_AGGRESSIVE;
				GCC_WARN_UNUSED_FUNCTION = YES;
				GCC_WARN_UNUSED_VARIABLE = YES;
				IPHONEOS_DEPLOYMENT_TARGET = 8.2;
				MTL_ENABLE_DEBUG_INFO = NO;
				SDKROOT = iphoneos;
				TARGETED_DEVICE_FAMILY = "1,2";
				VALIDATE_PRODUCT = YES;
			};
			name = Release;
		};
		18A47B9D1AC3E1BC004E1F73 /* Debug */ = {
			isa = XCBuildConfiguration;
			buildSettings = {
				ASSETCATALOG_COMPILER_APPICON_NAME = AppIcon;
				CODE_SIGN_IDENTITY = "iPhone Distribution: Lianyungang Port Group Communications and Information Engineering Company";
				"CODE_SIGN_IDENTITY[sdk=iphoneos*]" = "iPhone Distribution: Lianyungang Port Group Communications and Information Engineering Company";
				INFOPLIST_FILE = iPort/Info.plist;
				IPHONEOS_DEPLOYMENT_TARGET = 8.0;
				LD_RUNPATH_SEARCH_PATHS = "$(inherited) @executable_path/Frameworks";
				PRODUCT_BUNDLE_IDENTIFIER = com.lyg.iPort;
				PRODUCT_NAME = "掌上云港";
				PROVISIONING_PROFILE = "40ec968f-1e2e-4aac-a2bf-498f454a0291";
			};
			name = Debug;
		};
		18A47B9E1AC3E1BC004E1F73 /* Release */ = {
			isa = XCBuildConfiguration;
			buildSettings = {
				ASSETCATALOG_COMPILER_APPICON_NAME = AppIcon;
				CODE_SIGN_IDENTITY = "iPhone Distribution: Lianyungang Port Group Communications and Information Engineering Company";
				"CODE_SIGN_IDENTITY[sdk=iphoneos*]" = "iPhone Distribution: Lianyungang Port Group Communications and Information Engineering Company";
				INFOPLIST_FILE = iPort/Info.plist;
				IPHONEOS_DEPLOYMENT_TARGET = 8.0;
				LD_RUNPATH_SEARCH_PATHS = "$(inherited) @executable_path/Frameworks";
				PRODUCT_BUNDLE_IDENTIFIER = com.lyg.iPort;
				PRODUCT_NAME = "掌上云港";
				PROVISIONING_PROFILE = "40ec968f-1e2e-4aac-a2bf-498f454a0291";
			};
			name = Release;
		};
/* End XCBuildConfiguration section */

/* Begin XCConfigurationList section */
		18A47B711AC3E1B9004E1F73 /* Build configuration list for PBXProject "iPort" */ = {
			isa = XCConfigurationList;
			buildConfigurations = (
				18A47B9A1AC3E1BC004E1F73 /* Debug */,
				18A47B9B1AC3E1BC004E1F73 /* Release */,
			);
			defaultConfigurationIsVisible = 0;
			defaultConfigurationName = Release;
		};
		18A47B9C1AC3E1BC004E1F73 /* Build configuration list for PBXNativeTarget "iPort" */ = {
			isa = XCConfigurationList;
			buildConfigurations = (
				18A47B9D1AC3E1BC004E1F73 /* Debug */,
				18A47B9E1AC3E1BC004E1F73 /* Release */,
			);
			defaultConfigurationIsVisible = 0;
			defaultConfigurationName = Release;
		};
/* End XCConfigurationList section */

/* Begin XCVersionGroup section */
		18A47B801AC3E1BC004E1F73 /* iPort.xcdatamodeld */ = {
			isa = XCVersionGroup;
			children = (
				18A47B811AC3E1BC004E1F73 /* iPort.xcdatamodel */,
			);
			currentVersion = 18A47B811AC3E1BC004E1F73 /* iPort.xcdatamodel */;
			path = iPort.xcdatamodeld;
			sourceTree = "<group>";
			versionGroupType = wrapper.xcdatamodel;
		};
/* End XCVersionGroup section */
	};
	rootObject = 18A47B6E1AC3E1B9004E1F73 /* Project object */;
}
